
Microsoft Visual Studio Solution File, Format Version 12.00
# Visual Studio Version 16
VisualStudioVersion = 16.0.31105.61
MinimumVisualStudioVersion = 10.0.40219.1
Project("{FAE04EC0-301F-11D3-BF4B-00C04F79EFBC}") = "LibraryPersonale", "LibraryPersonale\LibraryPersonale.csproj", "{83E16FF5-7A6C-447D-8077-6FCEBFB91245}"
EndProject
Project("{FAE04EC0-301F-11D3-BF4B-00C04F79EFBC}") = "WPF_Personale", "WPF_Personale\WPF_Personale.csproj", "{4B0EBE28-EBFF-42B4-8820-D65AF8334DF9}"
EndProject
Global
	GlobalSection(SolutionConfigurationPlatforms) = preSolution
		Debug|Any CPU = Debug|Any CPU
		Release|Any CPU = Release|Any CPU
	EndGlobalSection
	GlobalSection(ProjectConfigurationPlatforms) = postSolution
		{83E16FF5-7A6C-447D-8077-6FCEBFB91245}.Debug|Any CPU.ActiveCfg = Debug|Any CPU
		{83E16FF5-7A6C-447D-8077-6FCEBFB91245}.Debug|Any CPU.Build.0 = Debug|Any CPU
		{83E16FF5-7A6C-447D-8077-6FCEBFB91245}.Release|Any CPU.ActiveCfg = Release|Any CPU
		{83E16FF5-7A6C-447D-8077-6FCEBFB91245}.Release|Any CPU.Build.0 = Release|Any CPU
		{4B0EBE28-EBFF-42B4-8820-D65AF8334DF9}.Debug|Any CPU.ActiveCfg = Debug|Any CPU
		{4B0EBE28-EBFF-42B4-8820-D65AF8334DF9}.Debug|Any CPU.Build.0 = Debug|Any CPU
		{4B0EBE28-EBFF-42B4-8820-D65AF8334DF9}.Release|Any CPU.ActiveCfg = Release|Any CPU
		{4B0EBE28-EBFF-42B4-8820-D65AF8334DF9}.Release|Any CPU.Build.0 = Release|Any CPU
	EndGlobalSection
	GlobalSection(SolutionProperties) = preSolution
		HideSolutionNode = FALSE
	EndGlobalSection
	GlobalSection(ExtensibilityGlobals) = postSolution
		SolutionGuid = {B3743CB8-F76E-4C8E-9A77-817847FA89CE}
	EndGlobalSection
EndGlobal
